
Microsoft Visual Studio Solution File, Format Version 12.00
# Visual Studio 14
VisualStudioVersion = 14.0.24720.0
MinimumVisualStudioVersion = 10.0.40219.1
Project("{FAE04EC0-301F-11D3-BF4B-00C04F79EFBC}") = "Custom_Parameter", "Custom_Parameter\Custom_Parameter.csproj", "{D73D0304-8608-43DA-B526-C7AA8AE85387}"
EndProject
Project("{FAE04EC0-301F-11D3-BF4B-00C04F79EFBC}") = "Plugin2", "Plugin2\Plugin2.csproj", "{B3F5E3C5-04B3-44F6-B0B6-A06930C353D9}"
EndProject
Project("{FAE04EC0-301F-11D3-BF4B-00C04F79EFBC}") = "LoadTestingPlugin", "LoadTestingPlugin\LoadTestingPlugin.csproj", "{58E488CE-3181-48CD-9395-8CE3A094FC5C}"
EndProject
Global
	GlobalSection(SolutionConfigurationPlatforms) = preSolution
		Debug|Any CPU = Debug|Any CPU
		Release|Any CPU = Release|Any CPU
	EndGlobalSection
	GlobalSection(ProjectConfigurationPlatforms) = postSolution
		{D73D0304-8608-43DA-B526-C7AA8AE85387}.Debug|Any CPU.ActiveCfg = Debug|Any CPU
		{D73D0304-8608-43DA-B526-C7AA8AE85387}.Debug|Any CPU.Build.0 = Debug|Any CPU
		{D73D0304-8608-43DA-B526-C7AA8AE85387}.Release|Any CPU.ActiveCfg = Release|Any CPU
		{D73D0304-8608-43DA-B526-C7AA8AE85387}.Release|Any CPU.Build.0 = Release|Any CPU
		{B3F5E3C5-04B3-44F6-B0B6-A06930C353D9}.Debug|Any CPU.ActiveCfg = Debug|Any CPU
		{B3F5E3C5-04B3-44F6-B0B6-A06930C353D9}.Debug|Any CPU.Build.0 = Debug|Any CPU
		{B3F5E3C5-04B3-44F6-B0B6-A06930C353D9}.Release|Any CPU.ActiveCfg = Release|Any CPU
		{B3F5E3C5-04B3-44F6-B0B6-A06930C353D9}.Release|Any CPU.Build.0 = Release|Any CPU
		{58E488CE-3181-48CD-9395-8CE3A094FC5C}.Debug|Any CPU.ActiveCfg = Debug|Any CPU
		{58E488CE-3181-48CD-9395-8CE3A094FC5C}.Debug|Any CPU.Build.0 = Debug|Any CPU
		{58E488CE-3181-48CD-9395-8CE3A094FC5C}.Release|Any CPU.ActiveCfg = Release|Any CPU
		{58E488CE-3181-48CD-9395-8CE3A094FC5C}.Release|Any CPU.Build.0 = Release|Any CPU
	EndGlobalSection
	GlobalSection(SolutionProperties) = preSolution
		HideSolutionNode = FALSE
	EndGlobalSection
EndGlobal
